
Microsoft Visual Studio Solution File, Format Version 12.00
# Visual Studio Version 17
VisualStudioVersion = 17.5.33627.172
MinimumVisualStudioVersion = 10.0.40219.1
Project("{FAE04EC0-301F-11D3-BF4B-00C04F79EFBC}") = "DiscosDb", "DiscosDb\DiscosDb.csproj", "{0290A170-C3A8-45EB-8371-CE05D07F71A0}"
EndProject
Project("{FAE04EC0-301F-11D3-BF4B-00C04F79EFBC}") = "Datos", "Datos\Datos.csproj", "{4A3A1AC1-389C-4912-AD2A-88170BA756B1}"
EndProject
Project("{FAE04EC0-301F-11D3-BF4B-00C04F79EFBC}") = "Dominio", "Dominio\Dominio.csproj", "{9AB479C4-3F1F-479A-A6B5-517FDFDA23EA}"
EndProject
Global
	GlobalSection(SolutionConfigurationPlatforms) = preSolution
		Debug|Any CPU = Debug|Any CPU
		Release|Any CPU = Release|Any CPU
	EndGlobalSection
	GlobalSection(ProjectConfigurationPlatforms) = postSolution
		{0290A170-C3A8-45EB-8371-CE05D07F71A0}.Debug|Any CPU.ActiveCfg = Debug|Any CPU
		{0290A170-C3A8-45EB-8371-CE05D07F71A0}.Debug|Any CPU.Build.0 = Debug|Any CPU
		{0290A170-C3A8-45EB-8371-CE05D07F71A0}.Release|Any CPU.ActiveCfg = Release|Any CPU
		{0290A170-C3A8-45EB-8371-CE05D07F71A0}.Release|Any CPU.Build.0 = Release|Any CPU
		{4A3A1AC1-389C-4912-AD2A-88170BA756B1}.Debug|Any CPU.ActiveCfg = Debug|Any CPU
		{4A3A1AC1-389C-4912-AD2A-88170BA756B1}.Debug|Any CPU.Build.0 = Debug|Any CPU
		{4A3A1AC1-389C-4912-AD2A-88170BA756B1}.Release|Any CPU.ActiveCfg = Release|Any CPU
		{4A3A1AC1-389C-4912-AD2A-88170BA756B1}.Release|Any CPU.Build.0 = Release|Any CPU
		{9AB479C4-3F1F-479A-A6B5-517FDFDA23EA}.Debug|Any CPU.ActiveCfg = Debug|Any CPU
		{9AB479C4-3F1F-479A-A6B5-517FDFDA23EA}.Debug|Any CPU.Build.0 = Debug|Any CPU
		{9AB479C4-3F1F-479A-A6B5-517FDFDA23EA}.Release|Any CPU.ActiveCfg = Release|Any CPU
		{9AB479C4-3F1F-479A-A6B5-517FDFDA23EA}.Release|Any CPU.Build.0 = Release|Any CPU
	EndGlobalSection
	GlobalSection(SolutionProperties) = preSolution
		HideSolutionNode = FALSE
	EndGlobalSection
	GlobalSection(ExtensibilityGlobals) = postSolution
		SolutionGuid = {B1AD9D2C-D0A8-409A-A83D-08494724A906}
	EndGlobalSection
EndGlobal
